
Microsoft Visual Studio Solution File, Format Version 12.00
# Visual Studio Version 17
VisualStudioVersion = 17.0.31815.197
MinimumVisualStudioVersion = 10.0.40219.1
Project("{8BC9CEB8-8B4A-11D0-8D11-00A0C91BC942}") = "DSALibrary", "DSALibrary\DSALibrary.vcxproj", "{620F328D-253F-44E1-A4BA-9F175D5DE860}"
EndProject
Project("{8BC9CEB8-8B4A-11D0-8D11-00A0C91BC942}") = "DSAClient", "DSAClient\DSAClient.vcxproj", "{483061EC-C6DD-491B-85EA-7AA6A539B9FD}"
EndProject
Project("{2150E333-8FDC-42A3-9474-1A3956D46DE8}") = "Solution Items", "Solution Items", "{00D41068-6924-45C1-972B-C531FC26CCE3}"
	ProjectSection(SolutionItems) = preProject
		README.md = README.md
	EndProjectSection
EndProject
Global
	GlobalSection(SolutionConfigurationPlatforms) = preSolution
		Debug|x64 = Debug|x64
		Debug|x86 = Debug|x86
		Release|x64 = Release|x64
		Release|x86 = Release|x86
	EndGlobalSection
	GlobalSection(ProjectConfigurationPlatforms) = postSolution
		{620F328D-253F-44E1-A4BA-9F175D5DE860}.Debug|x64.ActiveCfg = Debug|x64
		{620F328D-253F-44E1-A4BA-9F175D5DE860}.Debug|x64.Build.0 = Debug|x64
		{620F328D-253F-44E1-A4BA-9F175D5DE860}.Debug|x86.ActiveCfg = Debug|Win32
		{620F328D-253F-44E1-A4BA-9F175D5DE860}.Debug|x86.Build.0 = Debug|Win32
		{620F328D-253F-44E1-A4BA-9F175D5DE860}.Release|x64.ActiveCfg = Release|x64
		{620F328D-253F-44E1-A4BA-9F175D5DE860}.Release|x64.Build.0 = Release|x64
		{620F328D-253F-44E1-A4BA-9F175D5DE860}.Release|x86.ActiveCfg = Release|Win32
		{620F328D-253F-44E1-A4BA-9F175D5DE860}.Release|x86.Build.0 = Release|Win32
		{483061EC-C6DD-491B-85EA-7AA6A539B9FD}.Debug|x64.ActiveCfg = Debug|x64
		{483061EC-C6DD-491B-85EA-7AA6A539B9FD}.Debug|x64.Build.0 = Debug|x64
		{483061EC-C6DD-491B-85EA-7AA6A539B9FD}.Debug|x86.ActiveCfg = Debug|Win32
		{483061EC-C6DD-491B-85EA-7AA6A539B9FD}.Debug|x86.Build.0 = Debug|Win32
		{483061EC-C6DD-491B-85EA-7AA6A539B9FD}.Release|x64.ActiveCfg = Release|x64
		{483061EC-C6DD-491B-85EA-7AA6A539B9FD}.Release|x64.Build.0 = Release|x64
		{483061EC-C6DD-491B-85EA-7AA6A539B9FD}.Release|x86.ActiveCfg = Release|Win32
		{483061EC-C6DD-491B-85EA-7AA6A539B9FD}.Release|x86.Build.0 = Release|Win32
	EndGlobalSection
	GlobalSection(SolutionProperties) = preSolution
		HideSolutionNode = FALSE
	EndGlobalSection
	GlobalSection(ExtensibilityGlobals) = postSolution
		SolutionGuid = {55E58B78-6BD5-4523-986C-42B15C9FD595}
	EndGlobalSection
EndGlobal
